
Microsoft Visual Studio Solution File, Format Version 12.00
# Visual Studio Version 17
VisualStudioVersion = 17.9.34902.65
MinimumVisualStudioVersion = 10.0.40219.1
Project("{FAE04EC0-301F-11D3-BF4B-00C04F79EFBC}") = "Member", "Member\Member.csproj", "{8ACC286F-42E6-487F-9FFC-2F921DCA120A}"
EndProject
Global
	GlobalSection(SolutionConfigurationPlatforms) = preSolution
		Debug|Any CPU = Debug|Any CPU
		Release|Any CPU = Release|Any CPU
	EndGlobalSection
	GlobalSection(ProjectConfigurationPlatforms) = postSolution
		{8ACC286F-42E6-487F-9FFC-2F921DCA120A}.Debug|Any CPU.ActiveCfg = Debug|Any CPU
		{8ACC286F-42E6-487F-9FFC-2F921DCA120A}.Debug|Any CPU.Build.0 = Debug|Any CPU
		{8ACC286F-42E6-487F-9FFC-2F921DCA120A}.Release|Any CPU.ActiveCfg = Release|Any CPU
		{8ACC286F-42E6-487F-9FFC-2F921DCA120A}.Release|Any CPU.Build.0 = Release|Any CPU
	EndGlobalSection
	GlobalSection(SolutionProperties) = preSolution
		HideSolutionNode = FALSE
	EndGlobalSection
	GlobalSection(ExtensibilityGlobals) = postSolution
		SolutionGuid = {04FD24F5-ECC8-4C77-A195-D7C56320D140}
	EndGlobalSection
EndGlobal
